
Microsoft Visual Studio Solution File, Format Version 12.00
# Visual Studio Version 17
VisualStudioVersion = 17.2.32630.192
MinimumVisualStudioVersion = 10.0.40219.1
Project("{9A19103F-16F7-4668-BE54-9A1E7A4F7556}") = "ConsignmentShopUI", "ConsignmentShopUI\ConsignmentShopUI.csproj", "{B8E65D40-57FF-4EFD-9617-7E3D4C9073D7}"
EndProject
Project("{FAE04EC0-301F-11D3-BF4B-00C04F79EFBC}") = "ConsignmentShopLibrary", "ConsignmentShopLibrary\ConsignmentShopLibrary.csproj", "{D08D0860-B4D5-4C4C-AA3D-C444D0D924CF}"
EndProject
Global
	GlobalSection(SolutionConfigurationPlatforms) = preSolution
		Debug|Any CPU = Debug|Any CPU
		Release|Any CPU = Release|Any CPU
	EndGlobalSection
	GlobalSection(ProjectConfigurationPlatforms) = postSolution
		{B8E65D40-57FF-4EFD-9617-7E3D4C9073D7}.Debug|Any CPU.ActiveCfg = Debug|Any CPU
		{B8E65D40-57FF-4EFD-9617-7E3D4C9073D7}.Debug|Any CPU.Build.0 = Debug|Any CPU
		{B8E65D40-57FF-4EFD-9617-7E3D4C9073D7}.Release|Any CPU.ActiveCfg = Release|Any CPU
		{B8E65D40-57FF-4EFD-9617-7E3D4C9073D7}.Release|Any CPU.Build.0 = Release|Any CPU
		{D08D0860-B4D5-4C4C-AA3D-C444D0D924CF}.Debug|Any CPU.ActiveCfg = Debug|Any CPU
		{D08D0860-B4D5-4C4C-AA3D-C444D0D924CF}.Debug|Any CPU.Build.0 = Debug|Any CPU
		{D08D0860-B4D5-4C4C-AA3D-C444D0D924CF}.Release|Any CPU.ActiveCfg = Release|Any CPU
		{D08D0860-B4D5-4C4C-AA3D-C444D0D924CF}.Release|Any CPU.Build.0 = Release|Any CPU
	EndGlobalSection
	GlobalSection(SolutionProperties) = preSolution
		HideSolutionNode = FALSE
	EndGlobalSection
	GlobalSection(ExtensibilityGlobals) = postSolution
		SolutionGuid = {95FD1251-5289-40AF-9BF7-A5CF9573C39E}
	EndGlobalSection
EndGlobal
